
Microsoft Visual Studio Solution File, Format Version 12.00
# Visual Studio Version 17
VisualStudioVersion = 17.8.34309.116
MinimumVisualStudioVersion = 10.0.40219.1
Project("{9A19103F-16F7-4668-BE54-9A1E7A4F7556}") = "SimpleTutorials.Wpf.Authentication", "SimpleTutorials.Wpf.Authentication\SimpleTutorials.Wpf.Authentication.csproj", "{6267602B-995D-44AC-A36D-DEBA6129936A}"
EndProject
Project("{9A19103F-16F7-4668-BE54-9A1E7A4F7556}") = "SimpleTutorials.DbLib", "SimpleTutorials.DbLib\SimpleTutorials.DbLib.csproj", "{809F1DE3-63FE-44B1-99C4-4576EAD08D3C}"
EndProject
Project("{9A19103F-16F7-4668-BE54-9A1E7A4F7556}") = "SimpleTutorials.Core", "SimpleTutorials.Core\SimpleTutorials.Core.csproj", "{E23DCF4C-FD45-4D75-B608-D93D37B87012}"
EndProject
Project("{9A19103F-16F7-4668-BE54-9A1E7A4F7556}") = "SimpleTutorials.DPIWpf.Wpf", "SimpleTutorials.DPIWpf.Wpf\SimpleTutorials.DPIWpf.Wpf.csproj", "{681B3872-C049-46E8-B4CF-B41987DCB91A}"
EndProject
Project("{9A19103F-16F7-4668-BE54-9A1E7A4F7556}") = "SimpleTutorials.DPIWpf.DBLib", "SimpleTutorials.DPIWpf.DBLib\SimpleTutorials.DPIWpf.DBLib.csproj", "{75F3CE91-5712-41FF-8105-76FF7320A93D}"
EndProject
Project("{9A19103F-16F7-4668-BE54-9A1E7A4F7556}") = "SimpleTutorials.Api.MinimalApi", "SimpleTutorials.Api.MinimalApi\SimpleTutorials.Api.MinimalApi.csproj", "{B4C87F11-18BF-4484-AFA5-D5DB84928896}"
EndProject
Project("{9A19103F-16F7-4668-BE54-9A1E7A4F7556}") = "SimpleTutorials.Blazor.WebApp", "SimpleTutorials.Blazor.WebApp\SimpleTutorials.Blazor.WebApp\SimpleTutorials.Blazor.WebApp.csproj", "{6FC3BC9D-525A-4DF2-9C77-0597DE644E62}"
EndProject
Project("{9A19103F-16F7-4668-BE54-9A1E7A4F7556}") = "SimpleTutorials.Blazor.WebApp.Client", "SimpleTutorials.Blazor.WebApp\SimpleTutorials.Blazor.WebApp.Client\SimpleTutorials.Blazor.WebApp.Client.csproj", "{DB9C973D-0EBD-4F32-93AC-8CA0E97C15EA}"
EndProject
Project("{9A19103F-16F7-4668-BE54-9A1E7A4F7556}") = "SimpleTutorials.Blazor.Mobile", "SimpleTutorials.Blazor.Mobile\SimpleTutorials.Blazor.Mobile.csproj", "{F1446E05-C07A-41A6-9021-ADE80CDF10A1}"
EndProject
Project("{FAE04EC0-301F-11D3-BF4B-00C04F79EFBC}") = "SimpleTutorials.Blazor.Models", "SimpleTutorials.Blazor.Models\SimpleTutorials.Blazor.Models.csproj", "{11913963-948C-4CD8-BDF7-F82BFA3790D1}"
EndProject
Project("{FAE04EC0-301F-11D3-BF4B-00C04F79EFBC}") = "SimpleTutorials.Blazor.Services", "SimpleTutorials.Blazor.Services\SimpleTutorials.Blazor.Services.csproj", "{A6B8CBAA-6BAD-4B32-8553-8AA561267DC6}"
EndProject
Project("{FAE04EC0-301F-11D3-BF4B-00C04F79EFBC}") = "SimpleTutorials.Blazor.Components", "SimpleTutorials.Blazor.Components\SimpleTutorials.Blazor.Components.csproj", "{05DADA38-453E-43A2-BF6D-A6ECD735DEB9}"
EndProject
Global
	GlobalSection(SolutionConfigurationPlatforms) = preSolution
		Debug|Any CPU = Debug|Any CPU
		Release|Any CPU = Release|Any CPU
	EndGlobalSection
	GlobalSection(ProjectConfigurationPlatforms) = postSolution
		{6267602B-995D-44AC-A36D-DEBA6129936A}.Debug|Any CPU.ActiveCfg = Debug|Any CPU
		{6267602B-995D-44AC-A36D-DEBA6129936A}.Debug|Any CPU.Build.0 = Debug|Any CPU
		{6267602B-995D-44AC-A36D-DEBA6129936A}.Release|Any CPU.ActiveCfg = Release|Any CPU
		{6267602B-995D-44AC-A36D-DEBA6129936A}.Release|Any CPU.Build.0 = Release|Any CPU
		{809F1DE3-63FE-44B1-99C4-4576EAD08D3C}.Debug|Any CPU.ActiveCfg = Debug|Any CPU
		{809F1DE3-63FE-44B1-99C4-4576EAD08D3C}.Debug|Any CPU.Build.0 = Debug|Any CPU
		{809F1DE3-63FE-44B1-99C4-4576EAD08D3C}.Release|Any CPU.ActiveCfg = Release|Any CPU
		{809F1DE3-63FE-44B1-99C4-4576EAD08D3C}.Release|Any CPU.Build.0 = Release|Any CPU
		{E23DCF4C-FD45-4D75-B608-D93D37B87012}.Debug|Any CPU.ActiveCfg = Debug|Any CPU
		{E23DCF4C-FD45-4D75-B608-D93D37B87012}.Debug|Any CPU.Build.0 = Debug|Any CPU
		{E23DCF4C-FD45-4D75-B608-D93D37B87012}.Release|Any CPU.ActiveCfg = Release|Any CPU
		{E23DCF4C-FD45-4D75-B608-D93D37B87012}.Release|Any CPU.Build.0 = Release|Any CPU
		{681B3872-C049-46E8-B4CF-B41987DCB91A}.Debug|Any CPU.ActiveCfg = Debug|Any CPU
		{681B3872-C049-46E8-B4CF-B41987DCB91A}.Debug|Any CPU.Build.0 = Debug|Any CPU
		{681B3872-C049-46E8-B4CF-B41987DCB91A}.Release|Any CPU.ActiveCfg = Release|Any CPU
		{681B3872-C049-46E8-B4CF-B41987DCB91A}.Release|Any CPU.Build.0 = Release|Any CPU
		{75F3CE91-5712-41FF-8105-76FF7320A93D}.Debug|Any CPU.ActiveCfg = Debug|Any CPU
		{75F3CE91-5712-41FF-8105-76FF7320A93D}.Debug|Any CPU.Build.0 = Debug|Any CPU
		{75F3CE91-5712-41FF-8105-76FF7320A93D}.Release|Any CPU.ActiveCfg = Release|Any CPU
		{75F3CE91-5712-41FF-8105-76FF7320A93D}.Release|Any CPU.Build.0 = Release|Any CPU
		{B4C87F11-18BF-4484-AFA5-D5DB84928896}.Debug|Any CPU.ActiveCfg = Debug|Any CPU
		{B4C87F11-18BF-4484-AFA5-D5DB84928896}.Debug|Any CPU.Build.0 = Debug|Any CPU
		{B4C87F11-18BF-4484-AFA5-D5DB84928896}.Release|Any CPU.ActiveCfg = Release|Any CPU
		{B4C87F11-18BF-4484-AFA5-D5DB84928896}.Release|Any CPU.Build.0 = Release|Any CPU
		{6FC3BC9D-525A-4DF2-9C77-0597DE644E62}.Debug|Any CPU.ActiveCfg = Debug|Any CPU
		{6FC3BC9D-525A-4DF2-9C77-0597DE644E62}.Debug|Any CPU.Build.0 = Debug|Any CPU
		{6FC3BC9D-525A-4DF2-9C77-0597DE644E62}.Release|Any CPU.ActiveCfg = Release|Any CPU
		{6FC3BC9D-525A-4DF2-9C77-0597DE644E62}.Release|Any CPU.Build.0 = Release|Any CPU
		{DB9C973D-0EBD-4F32-93AC-8CA0E97C15EA}.Debug|Any CPU.ActiveCfg = Debug|Any CPU
		{DB9C973D-0EBD-4F32-93AC-8CA0E97C15EA}.Debug|Any CPU.Build.0 = Debug|Any CPU
		{DB9C973D-0EBD-4F32-93AC-8CA0E97C15EA}.Release|Any CPU.ActiveCfg = Release|Any CPU
		{DB9C973D-0EBD-4F32-93AC-8CA0E97C15EA}.Release|Any CPU.Build.0 = Release|Any CPU
		{F1446E05-C07A-41A6-9021-ADE80CDF10A1}.Debug|Any CPU.ActiveCfg = Debug|Any CPU
		{F1446E05-C07A-41A6-9021-ADE80CDF10A1}.Debug|Any CPU.Build.0 = Debug|Any CPU
		{F1446E05-C07A-41A6-9021-ADE80CDF10A1}.Debug|Any CPU.Deploy.0 = Debug|Any CPU
		{F1446E05-C07A-41A6-9021-ADE80CDF10A1}.Release|Any CPU.ActiveCfg = Release|Any CPU
		{F1446E05-C07A-41A6-9021-ADE80CDF10A1}.Release|Any CPU.Build.0 = Release|Any CPU
		{F1446E05-C07A-41A6-9021-ADE80CDF10A1}.Release|Any CPU.Deploy.0 = Release|Any CPU
		{11913963-948C-4CD8-BDF7-F82BFA3790D1}.Debug|Any CPU.ActiveCfg = Debug|Any CPU
		{11913963-948C-4CD8-BDF7-F82BFA3790D1}.Debug|Any CPU.Build.0 = Debug|Any CPU
		{11913963-948C-4CD8-BDF7-F82BFA3790D1}.Release|Any CPU.ActiveCfg = Release|Any CPU
		{11913963-948C-4CD8-BDF7-F82BFA3790D1}.Release|Any CPU.Build.0 = Release|Any CPU
		{A6B8CBAA-6BAD-4B32-8553-8AA561267DC6}.Debug|Any CPU.ActiveCfg = Debug|Any CPU
		{A6B8CBAA-6BAD-4B32-8553-8AA561267DC6}.Debug|Any CPU.Build.0 = Debug|Any CPU
		{A6B8CBAA-6BAD-4B32-8553-8AA561267DC6}.Release|Any CPU.ActiveCfg = Release|Any CPU
		{A6B8CBAA-6BAD-4B32-8553-8AA561267DC6}.Release|Any CPU.Build.0 = Release|Any CPU
		{05DADA38-453E-43A2-BF6D-A6ECD735DEB9}.Debug|Any CPU.ActiveCfg = Debug|Any CPU
		{05DADA38-453E-43A2-BF6D-A6ECD735DEB9}.Debug|Any CPU.Build.0 = Debug|Any CPU
		{05DADA38-453E-43A2-BF6D-A6ECD735DEB9}.Release|Any CPU.ActiveCfg = Release|Any CPU
		{05DADA38-453E-43A2-BF6D-A6ECD735DEB9}.Release|Any CPU.Build.0 = Release|Any CPU
	EndGlobalSection
	GlobalSection(SolutionProperties) = preSolution
		HideSolutionNode = FALSE
	EndGlobalSection
	GlobalSection(ExtensibilityGlobals) = postSolution
		SolutionGuid = {EDD01072-FEAD-4EDB-A588-1DC59CFB0750}
	EndGlobalSection
EndGlobal
